Microsoft Visual Studio Solution File, Format Version 12.00
# Visual Studio Version 17
VisualStudioVersion = 17.5.2.0
MinimumVisualStudioVersion = 10.0.40219.1
Project("{FAE04EC0-301F-11D3-BF4B-00C04F79EFBC}") = "prjGreeting", "prjGreeting.csproj", "{D4BCAFAA-A9BF-3F8E-7A07-30BB1D61346D}"
EndProject
Global
	GlobalSection(SolutionConfigurationPlatforms) = preSolution
		Debug|Any CPU = Debug|Any CPU
		Release|Any CPU = Release|Any CPU
	EndGlobalSection
	GlobalSection(ProjectConfigurationPlatforms) = postSolution
		{D4BCAFAA-A9BF-3F8E-7A07-30BB1D61346D}.Debug|Any CPU.ActiveCfg = Debug|Any CPU
		{D4BCAFAA-A9BF-3F8E-7A07-30BB1D61346D}.Debug|Any CPU.Build.0 = Debug|Any CPU
		{D4BCAFAA-A9BF-3F8E-7A07-30BB1D61346D}.Release|Any CPU.ActiveCfg = Release|Any CPU
		{D4BCAFAA-A9BF-3F8E-7A07-30BB1D61346D}.Release|Any CPU.Build.0 = Release|Any CPU
	EndGlobalSection
	GlobalSection(SolutionProperties) = preSolution
		HideSolutionNode = FALSE
	EndGlobalSection
	GlobalSection(ExtensibilityGlobals) = postSolution
		SolutionGuid = {F8C48CDD-15B8-4CEF-A261-8D5A3C09DA2B}
	EndGlobalSection
EndGlobal
